<Solution>
  <Project Path="FilesCRUD/FilesCRUD.csproj" Id="92884b42-dc48-448e-98a3-27d07c2313ad" />
  <Project Path="Objektai, list advance 7/Paskaita7-Objektai-list-advance-LinQ.csproj" Id="791a1842-90a7-4805-9c53-063faaade4e0" />
  <Project Path="Pamoka 3/Pamoka3-metodai.csproj" Id="1a0a182e-8a15-4fa6-b1a8-122ed9268104" />
  <Project Path="pamoka1/pamoka1.csproj" />
  <Project Path="Pamoka2-ciklai/Pamoka2-ciklai.csproj" Id="0c2ce99a-66e7-4e63-b22a-b08f4b19dcb3" />
  <Project Path="Pamoka4_metodai2/Pamoka4_metodai2.csproj" Id="6256c263-815d-4d69-ae90-9e36270d2756" />
  <Project Path="Pamoka5-object-programavimas/Pamoka5-object-programavimas.csproj" Id="e5a5058e-d5f9-440d-91fe-8662c7ef4295" />
  <Project Path="paskaita-8/paskaita-8.csproj" Id="bdd1d0cd-9890-4b23-908c-9829c695d012" />
  <Project Path="Paveldejimas/Paskaita6-Paveldejimas.csproj" Id="ed843c62-4f1e-4980-8c97-3eeb65461274" />
  <Project Path="PaveldejimasND/Paskaita6-PaveldejimasND.csproj" Id="dc15197e-41b6-45e8-990d-509f7d01c022" />
</Solution>
